// !$*UTF8*$!
{
	archiveVersion = 1;
	classes = {
	};
	objectVersion = 48;
	objects = {

/* Begin PBXBuildFile section */
		243060F32218240D004926EB /* colorPicker_Swift.xcworkspace in Resources */ = {isa = PBXBuildFile; fileRef = 243060F22218240D004926EB /* colorPicker_Swift.xcworkspace */; };
		2438AA662215E74600096BB9 /* AppDelegate.swift in Sources */ = {isa = PBXBuildFile; fileRef = 2438AA652215E74600096BB9 /* AppDelegate.swift */; };
		2438AA682215E74600096BB9 /* ViewController.swift in Sources */ = {isa = PBXBuildFile; fileRef = 2438AA672215E74600096BB9 /* ViewController.swift */; };
		2438AA6B2215E74600096BB9 /* Main.storyboard in Resources */ = {isa = PBXBuildFile; fileRef = 2438AA692215E74600096BB9 /* Main.storyboard */; };
		2438AA6D2215E74600096BB9 /* Assets.xcassets in Resources */ = {isa = PBXBuildFile; fileRef = 2438AA6C2215E74600096BB9 /* Assets.xcassets */; };
		2438AA702215E74600096BB9 /* LaunchScreen.storyboard in Resources */ = {isa = PBXBuildFile; fileRef = 2438AA6E2215E74600096BB9 /* LaunchScreen.storyboard */; };
		2438AA7B2215E74700096BB9 /* colorPicker_SwiftTests.swift in Sources */ = {isa = PBXBuildFile; fileRef = 2438AA7A2215E74700096BB9 /* colorPicker_SwiftTests.swift */; };
		2438AA862215E74700096BB9 /* colorPicker_SwiftUITests.swift in Sources */ = {isa = PBXBuildFile; fileRef = 2438AA852215E74700096BB9 /* colorPicker_SwiftUITests.swift */; };
		2438AAAE2215EBD800096BB9 /* ColorAsset.swift in Sources */ = {isa = PBXBuildFile; fileRef = 2438AAAD2215EBD800096BB9 /* ColorAsset.swift */; };
		2438AAAF2215EBD800096BB9 /* ColorAsset.swift in Sources */ = {isa = PBXBuildFile; fileRef = 2438AAAD2215EBD800096BB9 /* ColorAsset.swift */; };
		2438AAB02215EBD800096BB9 /* ColorAsset.swift in Sources */ = {isa = PBXBuildFile; fileRef = 2438AAAD2215EBD800096BB9 /* ColorAsset.swift */; };
		2438AAB22215EC2200096BB9 /* ColorPickerViewController.swift in Sources */ = {isa = PBXBuildFile; fileRef = 2438AAB12215EC2100096BB9 /* ColorPickerViewController.swift */; };
		2438AAB32215EC2200096BB9 /* ColorPickerViewController.swift in Sources */ = {isa = PBXBuildFile; fileRef = 2438AAB12215EC2100096BB9 /* ColorPickerViewController.swift */; };
		2438AAB42215EC2200096BB9 /* ColorPickerViewController.swift in Sources */ = {isa = PBXBuildFile; fileRef = 2438AAB12215EC2100096BB9 /* ColorPickerViewController.swift */; };
		2438AAB62215ECDB00096BB9 /* SegueHandlerType.swift in Sources */ = {isa = PBXBuildFile; fileRef = 2438AAB52215ECDB00096BB9 /* SegueHandlerType.swift */; };
		2438AAB72215ECDB00096BB9 /* SegueHandlerType.swift in Sources */ = {isa = PBXBuildFile; fileRef = 2438AAB52215ECDB00096BB9 /* SegueHandlerType.swift */; };
		2438AAB82215ECDB00096BB9 /* SegueHandlerType.swift in Sources */ = {isa = PBXBuildFile; fileRef = 2438AAB52215ECDB00096BB9 /* SegueHandlerType.swift */; };
		2438AABE2218117400096BB9 /* Colors.xcassets in Resources */ = {isa = PBXBuildFile; fileRef = 2438AABD2218117400096BB9 /* Colors.xcassets */; };
		248AB8B122181E1A00A31B4D /* Podfile in Resources */ = {isa = PBXBuildFile; fileRef = 248AB8B022181E1A00A31B4D /* Podfile */; };
		580CD69CB2536C79B7350564 /* Pods_colorPicker_SwiftTests.framework in Frameworks */ = {isa = PBXBuildFile; fileRef = 85B97F76F5E7D4B51D2FF96F /* Pods_colorPicker_SwiftTests.framework */; };
		E8BCA8270B13AF46BCEAF767 /* Pods_colorPicker_SwiftUITests.framework in Frameworks */ = {isa = PBXBuildFile; fileRef = C34CB27EDDC2034DA7092BF8 /* Pods_colorPicker_SwiftUITests.framework */; };
		FD1B41BCC21D3F77E52D2517 /* Pods_colorPicker_Swift.framework in Frameworks */ = {isa = PBXBuildFile; fileRef = 3B1BD00B6FEF1C1E85BDBD83 /* Pods_colorPicker_Swift.framework */; };
/* End PBXBuildFile section */

/* Begin PBXContainerItemProxy section */
		2438AA772215E74700096BB9 /* PBXContainerItemProxy */ = {
			isa = PBXContainerItemProxy;
			containerPortal = 2438AA5A2215E74600096BB9 /* Project object */;
			proxyType = 1;
			remoteGlobalIDString = 2438AA612215E74600096BB9;
			remoteInfo = colorPicker_Swift;
		};
		2438AA822215E74700096BB9 /* PBXContainerItemProxy */ = {
			isa = PBXContainerItemProxy;
			containerPortal = 2438AA5A2215E74600096BB9 /* Project object */;
			proxyType = 1;
			remoteGlobalIDString = 2438AA612215E74600096BB9;
			remoteInfo = colorPicker_Swift;
		};
/* End PBXContainerItemProxy section */

/* Begin PBXFileReference section */
		232CEDBFE5E8FA5A5DDE7806 /* Pods-colorPicker_Swift.debug.xcconfig */ = {isa = PBXFileReference; includeInIndex = 1; lastKnownFileType = text.xcconfig; name = "Pods-colorPicker_Swift.debug.xcconfig"; path = "Target Support Files/Pods-colorPicker_Swift/Pods-colorPicker_Swift.debug.xcconfig"; sourceTree = "<group>"; };
		243060F22218240D004926EB /* colorPicker_Swift.xcworkspace */ = {isa = PBXFileReference; lastKnownFileType = wrapper.workspace; path = colorPicker_Swift.xcworkspace; sourceTree = "<group>"; };
		2438AA622215E74600096BB9 /* colorPicker_Swift.app */ = {isa = PBXFileReference; explicitFileType = wrapper.application; includeInIndex = 0; path = colorPicker_Swift.app; sourceTree = BUILT_PRODUCTS_DIR; };
		2438AA652215E74600096BB9 /* AppDelegate.swift */ = {isa = PBXFileReference; lastKnownFileType = sourcecode.swift; path = AppDelegate.swift; sourceTree = "<group>"; };
		2438AA672215E74600096BB9 /* ViewController.swift */ = {isa = PBXFileReference; lastKnownFileType = sourcecode.swift; path = ViewController.swift; sourceTree = "<group>"; };
		2438AA6A2215E74600096BB9 /* Base */ = {isa = PBXFileReference; lastKnownFileType = file.storyboard; name = Base; path = Base.lproj/Main.storyboard; sourceTree = "<group>"; };
		2438AA6C2215E74600096BB9 /* Assets.xcassets */ = {isa = PBXFileReference; lastKnownFileType = folder.assetcatalog; path = Assets.xcassets; sourceTree = "<group>"; };
		2438AA6F2215E74600096BB9 /* Base */ = {isa = PBXFileReference; lastKnownFileType = file.storyboard; name = Base; path = Base.lproj/LaunchScreen.storyboard; sourceTree = "<group>"; };
		2438AA712215E74600096BB9 /* Info.plist */ = {isa = PBXFileReference; lastKnownFileType = text.plist.xml; path = Info.plist; sourceTree = "<group>"; };
		2438AA762215E74700096BB9 /* colorPicker_SwiftTests.xctest */ = {isa = PBXFileReference; explicitFileType = wrapper.cfbundle; includeInIndex = 0; path = colorPicker_SwiftTests.xctest; sourceTree = BUILT_PRODUCTS_DIR; };
		2438AA7A2215E74700096BB9 /* colorPicker_SwiftTests.swift */ = {isa = PBXFileReference; lastKnownFileType = sourcecode.swift; path = colorPicker_SwiftTests.swift; sourceTree = "<group>"; };
		2438AA7C2215E74700096BB9 /* Info.plist */ = {isa = PBXFileReference; lastKnownFileType = text.plist.xml; path = Info.plist; sourceTree = "<group>"; };
		2438AA812215E74700096BB9 /* colorPicker_SwiftUITests.xctest */ = {isa = PBXFileReference; explicitFileType = wrapper.cfbundle; includeInIndex = 0; path = colorPicker_SwiftUITests.xctest; sourceTree = BUILT_PRODUCTS_DIR; };
		2438AA852215E74700096BB9 /* colorPicker_SwiftUITests.swift */ = {isa = PBXFileReference; lastKnownFileType = sourcecode.swift; path = colorPicker_SwiftUITests.swift; sourceTree = "<group>"; };
		2438AA872215E74700096BB9 /* Info.plist */ = {isa = PBXFileReference; lastKnownFileType = text.plist.xml; path = Info.plist; sourceTree = "<group>"; };
		2438AAAD2215EBD800096BB9 /* ColorAsset.swift */ = {isa = PBXFileReference; lastKnownFileType = sourcecode.swift; path = ColorAsset.swift; sourceTree = "<group>"; };
		2438AAB12215EC2100096BB9 /* ColorPickerViewController.swift */ = {isa = PBXFileReference; lastKnownFileType = sourcecode.swift; path = ColorPickerViewController.swift; sourceTree = "<group>"; };
		2438AAB52215ECDB00096BB9 /* SegueHandlerType.swift */ = {isa = PBXFileReference; lastKnownFileType = sourcecode.swift; path = SegueHandlerType.swift; sourceTree = "<group>"; };
		2438AABD2218117400096BB9 /* Colors.xcassets */ = {isa = PBXFileReference; lastKnownFileType = folder.assetcatalog; path = Colors.xcassets; sourceTree = "<group>"; };
		248AB8B022181E1A00A31B4D /* Podfile */ = {isa = PBXFileReference; fileEncoding = 4; lastKnownFileType = text; path = Podfile; sourceTree = "<group>"; xcLanguageSpecificationIdentifier = xcode.lang.ruby; };
		33C8D395BBA21317990F4FA3 /* Pods-colorPicker_SwiftUITests.debug.xcconfig */ = {isa = PBXFileReference; includeInIndex = 1; lastKnownFileType = text.xcconfig; name = "Pods-colorPicker_SwiftUITests.debug.xcconfig"; path = "Target Support Files/Pods-colorPicker_SwiftUITests/Pods-colorPicker_SwiftUITests.debug.xcconfig"; sourceTree = "<group>"; };
		3B1BD00B6FEF1C1E85BDBD83 /* Pods_colorPicker_Swift.framework */ = {isa = PBXFileReference; explicitFileType = wrapper.framework; includeInIndex = 0; path = Pods_colorPicker_Swift.framework; sourceTree = BUILT_PRODUCTS_DIR; };
		4B6F1B6A3451905A5B4D21D1 /* Pods-colorPicker_Swift.release.xcconfig */ = {isa = PBXFileReference; includeInIndex = 1; lastKnownFileType = text.xcconfig; name = "Pods-colorPicker_Swift.release.xcconfig"; path = "Target Support Files/Pods-colorPicker_Swift/Pods-colorPicker_Swift.release.xcconfig"; sourceTree = "<group>"; };
		598BC8EEAB313B9CBA0E51C6 /* Pods-colorPicker_SwiftUITests.release.xcconfig */ = {isa = PBXFileReference; includeInIndex = 1; lastKnownFileType = text.xcconfig; name = "Pods-colorPicker_SwiftUITests.release.xcconfig"; path = "Target Support Files/Pods-colorPicker_SwiftUITests/Pods-colorPicker_SwiftUITests.release.xcconfig"; sourceTree = "<group>"; };
		85B97F76F5E7D4B51D2FF96F /* Pods_colorPicker_SwiftTests.framework */ = {isa = PBXFileReference; explicitFileType = wrapper.framework; includeInIndex = 0; path = Pods_colorPicker_SwiftTests.framework; sourceTree = BUILT_PRODUCTS_DIR; };
		93BF48E71C9158F2940F5702 /* Pods-colorPicker_SwiftTests.debug.xcconfig */ = {isa = PBXFileReference; includeInIndex = 1; lastKnownFileType = text.xcconfig; name = "Pods-colorPicker_SwiftTests.debug.xcconfig"; path = "Target Support Files/Pods-colorPicker_SwiftTests/Pods-colorPicker_SwiftTests.debug.xcconfig"; sourceTree = "<group>"; };
		A4C680ABC8AFFB4911011EB9 /* Pods-colorPicker_SwiftTests.release.xcconfig */ = {isa = PBXFileReference; includeInIndex = 1; lastKnownFileType = text.xcconfig; name = "Pods-colorPicker_SwiftTests.release.xcconfig"; path = "Target Support Files/Pods-colorPicker_SwiftTests/Pods-colorPicker_SwiftTests.release.xcconfig"; sourceTree = "<group>"; };
		C34CB27EDDC2034DA7092BF8 /* Pods_colorPicker_SwiftUITests.framework */ = {isa = PBXFileReference; explicitFileType = wrapper.framework; includeInIndex = 0; path = Pods_colorPicker_SwiftUITests.framework; sourceTree = BUILT_PRODUCTS_DIR; };
/* End PBXFileReference section */

/* Begin PBXFrameworksBuildPhase section */
		2438AA5F2215E74600096BB9 /* Frameworks */ = {
			isa = PBXFrameworksBuildPhase;
			buildActionMask = 2147483647;
			files = (
				FD1B41BCC21D3F77E52D2517 /* Pods_colorPicker_Swift.framework in Frameworks */,
			);
			runOnlyForDeploymentPostprocessing = 0;
		};
		2438AA732215E74700096BB9 /* Frameworks */ = {
			isa = PBXFrameworksBuildPhase;
			buildActionMask = 2147483647;
			files = (
				580CD69CB2536C79B7350564 /* Pods_colorPicker_SwiftTests.framework in Frameworks */,
			);
			runOnlyForDeploymentPostprocessing = 0;
		};
		2438AA7E2215E74700096BB9 /* Frameworks */ = {
			isa = PBXFrameworksBuildPhase;
			buildActionMask = 2147483647;
			files = (
				E8BCA8270B13AF46BCEAF767 /* Pods_colorPicker_SwiftUITests.framework in Frameworks */,
			);
			runOnlyForDeploymentPostprocessing = 0;
		};
/* End PBXFrameworksBuildPhase section */

/* Begin PBXGroup section */
		2438AA592215E74600096BB9 = {
			isa = PBXGroup;
			children = (
				243060F22218240D004926EB /* colorPicker_Swift.xcworkspace */,
				248AB8B022181E1A00A31B4D /* Podfile */,
				2438AA642215E74600096BB9 /* colorPicker_Swift */,
				2438AA792215E74700096BB9 /* colorPicker_SwiftTests */,
				2438AA842215E74700096BB9 /* colorPicker_SwiftUITests */,
				2438AA632215E74600096BB9 /* Products */,
				7AA06D2066F7674194F3520E /* Pods */,
				53EEB031A7C0EB8ADB2976ED /* Frameworks */,
			);
			sourceTree = "<group>";
		};
		2438AA632215E74600096BB9 /* Products */ = {
			isa = PBXGroup;
			children = (
				2438AA622215E74600096BB9 /* colorPicker_Swift.app */,
				2438AA762215E74700096BB9 /* colorPicker_SwiftTests.xctest */,
				2438AA812215E74700096BB9 /* colorPicker_SwiftUITests.xctest */,
			);
			name = Products;
			sourceTree = "<group>";
		};
		2438AA642215E74600096BB9 /* colorPicker_Swift */ = {
			isa = PBXGroup;
			children = (
				2438AABD2218117400096BB9 /* Colors.xcassets */,
				2438AA652215E74600096BB9 /* AppDelegate.swift */,
				2438AA672215E74600096BB9 /* ViewController.swift */,
				2438AA692215E74600096BB9 /* Main.storyboard */,
				2438AA6C2215E74600096BB9 /* Assets.xcassets */,
				2438AA6E2215E74600096BB9 /* LaunchScreen.storyboard */,
				2438AA712215E74600096BB9 /* Info.plist */,
				2438AAAD2215EBD800096BB9 /* ColorAsset.swift */,
				2438AAB12215EC2100096BB9 /* ColorPickerViewController.swift */,
				2438AAB52215ECDB00096BB9 /* SegueHandlerType.swift */,
			);
			path = colorPicker_Swift;
			sourceTree = "<group>";
		};
		2438AA792215E74700096BB9 /* colorPicker_SwiftTests */ = {
			isa = PBXGroup;
			children = (
				2438AA7A2215E74700096BB9 /* colorPicker_SwiftTests.swift */,
				2438AA7C2215E74700096BB9 /* Info.plist */,
			);
			path = colorPicker_SwiftTests;
			sourceTree = "<group>";
		};
		2438AA842215E74700096BB9 /* colorPicker_SwiftUITests */ = {
			isa = PBXGroup;
			children = (
				2438AA852215E74700096BB9 /* colorPicker_SwiftUITests.swift */,
				2438AA872215E74700096BB9 /* Info.plist */,
			);
			path = colorPicker_SwiftUITests;
			sourceTree = "<group>";
		};
		53EEB031A7C0EB8ADB2976ED /* Frameworks */ = {
			isa = PBXGroup;
			children = (
				3B1BD00B6FEF1C1E85BDBD83 /* Pods_colorPicker_Swift.framework */,
				85B97F76F5E7D4B51D2FF96F /* Pods_colorPicker_SwiftTests.framework */,
				C34CB27EDDC2034DA7092BF8 /* Pods_colorPicker_SwiftUITests.framework */,
			);
			name = Frameworks;
			sourceTree = "<group>";
		};
		7AA06D2066F7674194F3520E /* Pods */ = {
			isa = PBXGroup;
			children = (
				232CEDBFE5E8FA5A5DDE7806 /* Pods-colorPicker_Swift.debug.xcconfig */,
				4B6F1B6A3451905A5B4D21D1 /* Pods-colorPicker_Swift.release.xcconfig */,
				93BF48E71C9158F2940F5702 /* Pods-colorPicker_SwiftTests.debug.xcconfig */,
				A4C680ABC8AFFB4911011EB9 /* Pods-colorPicker_SwiftTests.release.xcconfig */,
				33C8D395BBA21317990F4FA3 /* Pods-colorPicker_SwiftUITests.debug.xcconfig */,
				598BC8EEAB313B9CBA0E51C6 /* Pods-colorPicker_SwiftUITests.release.xcconfig */,
			);
			path = Pods;
			sourceTree = "<group>";
		};
/* End PBXGroup section */

/* Begin PBXNativeTarget section */
		2438AA612215E74600096BB9 /* colorPicker_Swift */ = {
			isa = PBXNativeTarget;
			buildConfigurationList = 2438AA8A2215E74700096BB9 /* Build configuration list for PBXNativeTarget "colorPicker_Swift" */;
			buildPhases = (
				19843D3F30EB2870EFB06640 /* [CP] Check Pods Manifest.lock */,
				2438AA5E2215E74600096BB9 /* Sources */,
				2438AA5F2215E74600096BB9 /* Frameworks */,
				2438AA602215E74600096BB9 /* Resources */,
				6A3D1FDA0B607B7318ADA8AE /* [CP] Embed Pods Frameworks */,
			);
			buildRules = (
			);
			dependencies = (
			);
			name = colorPicker_Swift;
			productName = colorPicker_Swift;
			productReference = 2438AA622215E74600096BB9 /* colorPicker_Swift.app */;
			productType = "com.apple.product-type.application";
		};
		2438AA752215E74700096BB9 /* colorPicker_SwiftTests */ = {
			isa = PBXNativeTarget;
			buildConfigurationList = 2438AA8D2215E74700096BB9 /* Build configuration list for PBXNativeTarget "colorPicker_SwiftTests" */;
			buildPhases = (
				8DAF5EBCAE8F5D0E9211DB18 /* [CP] Check Pods Manifest.lock */,
				2438AA722215E74700096BB9 /* Sources */,
				2438AA732215E74700096BB9 /* Frameworks */,
				2438AA742215E74700096BB9 /* Resources */,
			);
			buildRules = (
			);
			dependencies = (
				2438AA782215E74700096BB9 /* PBXTargetDependency */,
			);
			name = colorPicker_SwiftTests;
			productName = colorPicker_SwiftTests;
			productReference = 2438AA762215E74700096BB9 /* colorPicker_SwiftTests.xctest */;
			productType = "com.apple.product-type.bundle.unit-test";
		};
		2438AA802215E74700096BB9 /* colorPicker_SwiftUITests */ = {
			isa = PBXNativeTarget;
			buildConfigurationList = 2438AA902215E74700096BB9 /* Build configuration list for PBXNativeTarget "colorPicker_SwiftUITests" */;
			buildPhases = (
				CD5077A019C21A50496DD0E4 /* [CP] Check Pods Manifest.lock */,
				2438AA7D2215E74700096BB9 /* Sources */,
				2438AA7E2215E74700096BB9 /* Frameworks */,
				2438AA7F2215E74700096BB9 /* Resources */,
			);
			buildRules = (
			);
			dependencies = (
				2438AA832215E74700096BB9 /* PBXTargetDependency */,
			);
			name = colorPicker_SwiftUITests;
			productName = colorPicker_SwiftUITests;
			productReference = 2438AA812215E74700096BB9 /* colorPicker_SwiftUITests.xctest */;
			productType = "com.apple.product-type.bundle.ui-testing";
		};
/* End PBXNativeTarget section */

/* Begin PBXProject section */
		2438AA5A2215E74600096BB9 /* Project object */ = {
			isa = PBXProject;
			attributes = {
				LastSwiftUpdateCheck = 0920;
				LastUpgradeCheck = 0920;
				ORGANIZATIONNAME = EB.org;
				TargetAttributes = {
					2438AA612215E74600096BB9 = {
						CreatedOnToolsVersion = 9.2;
						ProvisioningStyle = Automatic;
					};
					2438AA752215E74700096BB9 = {
						CreatedOnToolsVersion = 9.2;
						ProvisioningStyle = Automatic;
						TestTargetID = 2438AA612215E74600096BB9;
					};
					2438AA802215E74700096BB9 = {
						CreatedOnToolsVersion = 9.2;
						ProvisioningStyle = Automatic;
						TestTargetID = 2438AA612215E74600096BB9;
					};
				};
			};
			buildConfigurationList = 2438AA5D2215E74600096BB9 /* Build configuration list for PBXProject "colorPicker_Swift" */;
			compatibilityVersion = "Xcode 8.0";
			developmentRegion = en;
			hasScannedForEncodings = 0;
			knownRegions = (
				en,
				Base,
			);
			mainGroup = 2438AA592215E74600096BB9;
			productRefGroup = 2438AA632215E74600096BB9 /* Products */;
			projectDirPath = "";
			projectRoot = "";
			targets = (
				2438AA612215E74600096BB9 /* colorPicker_Swift */,
				2438AA752215E74700096BB9 /* colorPicker_SwiftTests */,
				2438AA802215E74700096BB9 /* colorPicker_SwiftUITests */,
			);
		};
/* End PBXProject section */

/* Begin PBXResourcesBuildPhase section */
		2438AA602215E74600096BB9 /* Resources */ = {
			isa = PBXResourcesBuildPhase;
			buildActionMask = 2147483647;
			files = (
				248AB8B122181E1A00A31B4D /* Podfile in Resources */,
				2438AA702215E74600096BB9 /* LaunchScreen.storyboard in Resources */,
				2438AABE2218117400096BB9 /* Colors.xcassets in Resources */,
				2438AA6D2215E74600096BB9 /* Assets.xcassets in Resources */,
				243060F32218240D004926EB /* colorPicker_Swift.xcworkspace in Resources */,
				2438AA6B2215E74600096BB9 /* Main.storyboard in Resources */,
			);
			runOnlyForDeploymentPostprocessing = 0;
		};
		2438AA742215E74700096BB9 /* Resources */ = {
			isa = PBXResourcesBuildPhase;
			buildActionMask = 2147483647;
			files = (
			);
			runOnlyForDeploymentPostprocessing = 0;
		};
		2438AA7F2215E74700096BB9 /* Resources */ = {
			isa = PBXResourcesBuildPhase;
			buildActionMask = 2147483647;
			files = (
			);
			runOnlyForDeploymentPostprocessing = 0;
		};
/* End PBXResourcesBuildPhase section */

/* Begin PBXShellScriptBuildPhase section */
		19843D3F30EB2870EFB06640 /* [CP] Check Pods Manifest.lock */ = {
			isa = PBXShellScriptBuildPhase;
			buildActionMask = 2147483647;
			files = (
			);
			inputFileListPaths = (
			);
			inputPaths = (
				"${PODS_PODFILE_DIR_PATH}/Podfile.lock",
				"${PODS_ROOT}/Manifest.lock",
			);
			name = "[CP] Check Pods Manifest.lock";
			outputFileListPaths = (
			);
			outputPaths = (
				"$(DERIVED_FILE_DIR)/Pods-colorPicker_Swift-checkManifestLockResult.txt",
			);
			runOnlyForDeploymentPostprocessing = 0;
			shellPath = /bin/sh;
			shellScript = "diff \"${PODS_PODFILE_DIR_PATH}/Podfile.lock\" \"${PODS_ROOT}/Manifest.lock\" > /dev/null\nif [ $? != 0 ] ; then\n    # print error to STDERR\n    echo \"error: The sandbox is not in sync with the Podfile.lock. Run 'pod install' or update your CocoaPods installation.\" >&2\n    exit 1\nfi\n# This output is used by Xcode 'outputs' to avoid re-running this script phase.\necho \"SUCCESS\" > \"${SCRIPT_OUTPUT_FILE_0}\"\n";
			showEnvVarsInLog = 0;
		};
		6A3D1FDA0B607B7318ADA8AE /* [CP] Embed Pods Frameworks */ = {
			isa = PBXShellScriptBuildPhase;
			buildActionMask = 2147483647;
			files = (
			);
			inputFileListPaths = (
			);
			inputPaths = (
				"${PODS_ROOT}/Target Support Files/Pods-colorPicker_Swift/Pods-colorPicker_Swift-frameworks.sh",
				"${BUILT_PRODUCTS_DIR}/R.swift.Library/Rswift.framework",
			);
			name = "[CP] Embed Pods Frameworks";
			outputFileListPaths = (
			);
			outputPaths = (
				"${TARGET_BUILD_DIR}/${FRAMEWORKS_FOLDER_PATH}/Rswift.framework",
			);
			runOnlyForDeploymentPostprocessing = 0;
			shellPath = /bin/sh;
			shellScript = "\"${PODS_ROOT}/Target Support Files/Pods-colorPicker_Swift/Pods-colorPicker_Swift-frameworks.sh\"\n";
			showEnvVarsInLog = 0;
		};
		8DAF5EBCAE8F5D0E9211DB18 /* [CP] Check Pods Manifest.lock */ = {
			isa = PBXShellScriptBuildPhase;
			buildActionMask = 2147483647;
			files = (
			);
			inputFileListPaths = (
			);
			inputPaths = (
				"${PODS_PODFILE_DIR_PATH}/Podfile.lock",
				"${PODS_ROOT}/Manifest.lock",
			);
			name = "[CP] Check Pods Manifest.lock";
			outputFileListPaths = (
			);
			outputPaths = (
				"$(DERIVED_FILE_DIR)/Pods-colorPicker_SwiftTests-checkManifestLockResult.txt",
			);
			runOnlyForDeploymentPostprocessing = 0;
			shellPath = /bin/sh;
			shellScript = "diff \"${PODS_PODFILE_DIR_PATH}/Podfile.lock\" \"${PODS_ROOT}/Manifest.lock\" > /dev/null\nif [ $? != 0 ] ; then\n    # print error to STDERR\n    echo \"error: The sandbox is not in sync with the Podfile.lock. Run 'pod install' or update your CocoaPods installation.\" >&2\n    exit 1\nfi\n# This output is used by Xcode 'outputs' to avoid re-running this script phase.\necho \"SUCCESS\" > \"${SCRIPT_OUTPUT_FILE_0}\"\n";
			showEnvVarsInLog = 0;
		};
		CD5077A019C21A50496DD0E4 /* [CP] Check Pods Manifest.lock */ = {
			isa = PBXShellScriptBuildPhase;
			buildActionMask = 2147483647;
			files = (
			);
			inputFileListPaths = (
			);
			inputPaths = (
				"${PODS_PODFILE_DIR_PATH}/Podfile.lock",
				"${PODS_ROOT}/Manifest.lock",
			);
			name = "[CP] Check Pods Manifest.lock";
			outputFileListPaths = (
			);
			outputPaths = (
				"$(DERIVED_FILE_DIR)/Pods-colorPicker_SwiftUITests-checkManifestLockResult.txt",
			);
			runOnlyForDeploymentPostprocessing = 0;
			shellPath = /bin/sh;
			shellScript = "diff \"${PODS_PODFILE_DIR_PATH}/Podfile.lock\" \"${PODS_ROOT}/Manifest.lock\" > /dev/null\nif [ $? != 0 ] ; then\n    # print error to STDERR\n    echo \"error: The sandbox is not in sync with the Podfile.lock. Run 'pod install' or update your CocoaPods installation.\" >&2\n    exit 1\nfi\n# This output is used by Xcode 'outputs' to avoid re-running this script phase.\necho \"SUCCESS\" > \"${SCRIPT_OUTPUT_FILE_0}\"\n";
			showEnvVarsInLog = 0;
		};
/* End PBXShellScriptBuildPhase section */

/* Begin PBXSourcesBuildPhase section */
		2438AA5E2215E74600096BB9 /* Sources */ = {
			isa = PBXSourcesBuildPhase;
			buildActionMask = 2147483647;
			files = (
				2438AA682215E74600096BB9 /* ViewController.swift in Sources */,
				2438AAAE2215EBD800096BB9 /* ColorAsset.swift in Sources */,
				2438AAB22215EC2200096BB9 /* ColorPickerViewController.swift in Sources */,
				2438AAB62215ECDB00096BB9 /* SegueHandlerType.swift in Sources */,
				2438AA662215E74600096BB9 /* AppDelegate.swift in Sources */,
			);
			runOnlyForDeploymentPostprocessing = 0;
		};
		2438AA722215E74700096BB9 /* Sources */ = {
			isa = PBXSourcesBuildPhase;
			buildActionMask = 2147483647;
			files = (
				2438AAAF2215EBD800096BB9 /* ColorAsset.swift in Sources */,
				2438AA7B2215E74700096BB9 /* colorPicker_SwiftTests.swift in Sources */,
				2438AAB72215ECDB00096BB9 /* SegueHandlerType.swift in Sources */,
				2438AAB32215EC2200096BB9 /* ColorPickerViewController.swift in Sources */,
			);
			runOnlyForDeploymentPostprocessing = 0;
		};
		2438AA7D2215E74700096BB9 /* Sources */ = {
			isa = PBXSourcesBuildPhase;
			buildActionMask = 2147483647;
			files = (
				2438AAB02215EBD800096BB9 /* ColorAsset.swift in Sources */,
				2438AA862215E74700096BB9 /* colorPicker_SwiftUITests.swift in Sources */,
				2438AAB82215ECDB00096BB9 /* SegueHandlerType.swift in Sources */,
				2438AAB42215EC2200096BB9 /* ColorPickerViewController.swift in Sources */,
			);
			runOnlyForDeploymentPostprocessing = 0;
		};
/* End PBXSourcesBuildPhase section */

/* Begin PBXTargetDependency section */
		2438AA782215E74700096BB9 /* PBXTargetDependency */ = {
			isa = PBXTargetDependency;
			target = 2438AA612215E74600096BB9 /* colorPicker_Swift */;
			targetProxy = 2438AA772215E74700096BB9 /* PBXContainerItemProxy */;
		};
		2438AA832215E74700096BB9 /* PBXTargetDependency */ = {
			isa = PBXTargetDependency;
			target = 2438AA612215E74600096BB9 /* colorPicker_Swift */;
			targetProxy = 2438AA822215E74700096BB9 /* PBXContainerItemProxy */;
		};
/* End PBXTargetDependency section */

/* Begin PBXVariantGroup section */
		2438AA692215E74600096BB9 /* Main.storyboard */ = {
			isa = PBXVariantGroup;
			children = (
				2438AA6A2215E74600096BB9 /* Base */,
			);
			name = Main.storyboard;
			sourceTree = "<group>";
		};
		2438AA6E2215E74600096BB9 /* LaunchScreen.storyboard */ = {
			isa = PBXVariantGroup;
			children = (
				2438AA6F2215E74600096BB9 /* Base */,
			);
			name = LaunchScreen.storyboard;
			sourceTree = "<group>";
		};
/* End PBXVariantGroup section */

/* Begin XCBuildConfiguration section */
		2438AA882215E74700096BB9 /* Debug */ = {
			isa = XCBuildConfiguration;
			buildSettings = {
				ALWAYS_SEARCH_USER_PATHS = NO;
				CLANG_ANALYZER_NONNULL = YES;
				CLANG_ANALYZER_NUMBER_OBJECT_CONVERSION = YES_AGGRESSIVE;
				CLANG_CXX_LANGUAGE_STANDARD = "gnu++14";
				CLANG_CXX_LIBRARY = "libc++";
				CLANG_ENABLE_MODULES = YES;
				CLANG_ENABLE_OBJC_ARC = YES;
				CLANG_WARN_BLOCK_CAPTURE_AUTORELEASING = YES;
				CLANG_WARN_BOOL_CONVERSION = YES;
				CLANG_WARN_COMMA = YES;
				CLANG_WARN_CONSTANT_CONVERSION = YES;
				CLANG_WARN_DIRECT_OBJC_ISA_USAGE = YES_ERROR;
				CLANG_WARN_DOCUMENTATION_COMMENTS = YES;
				CLANG_WARN_EMPTY_BODY = YES;
				CLANG_WARN_ENUM_CONVERSION = YES;
				CLANG_WARN_INFINITE_RECURSION = YES;
				CLANG_WARN_INT_CONVERSION = YES;
				CLANG_WARN_NON_LITERAL_NULL_CONVERSION = YES;
				CLANG_WARN_OBJC_LITERAL_CONVERSION = YES;
				CLANG_WARN_OBJC_ROOT_CLASS = YES_ERROR;
				CLANG_WARN_RANGE_LOOP_ANALYSIS = YES;
				CLANG_WARN_STRICT_PROTOTYPES = YES;
				CLANG_WARN_SUSPICIOUS_MOVE = YES;
				CLANG_WARN_UNGUARDED_AVAILABILITY = YES_AGGRESSIVE;
				CLANG_WARN_UNREACHABLE_CODE = YES;
				CLANG_WARN__DUPLICATE_METHOD_MATCH = YES;
				CODE_SIGN_IDENTITY = "iPhone Developer";
				COPY_PHASE_STRIP = NO;
				DEBUG_INFORMATION_FORMAT = dwarf;
				ENABLE_STRICT_OBJC_MSGSEND = YES;
				ENABLE_TESTABILITY = YES;
				GCC_C_LANGUAGE_STANDARD = gnu11;
				GCC_DYNAMIC_NO_PIC = NO;
				GCC_NO_COMMON_BLOCKS = YES;
				GCC_OPTIMIZATION_LEVEL = 0;
				GCC_PREPROCESSOR_DEFINITIONS = (
					"DEBUG=1",
					"$(inherited)",
				);
				GCC_WARN_64_TO_32_BIT_CONVERSION = YES;
				GCC_WARN_ABOUT_RETURN_TYPE = YES_ERROR;
				GCC_WARN_UNDECLARED_SELECTOR = YES;
				GCC_WARN_UNINITIALIZED_AUTOS = YES_AGGRESSIVE;
				GCC_WARN_UNUSED_FUNCTION = YES;
				GCC_WARN_UNUSED_VARIABLE = YES;
				IPHONEOS_DEPLOYMENT_TARGET = 11.2;
				MTL_ENABLE_DEBUG_INFO = YES;
				ONLY_ACTIVE_ARCH = YES;
				SDKROOT = iphoneos;
				SWIFT_ACTIVE_COMPILATION_CONDITIONS = DEBUG;
				SWIFT_OPTIMIZATION_LEVEL = "-Onone";
			};
			name = Debug;
		};
		2438AA892215E74700096BB9 /* Release */ = {
			isa = XCBuildConfiguration;
			buildSettings = {
				ALWAYS_SEARCH_USER_PATHS = NO;
				CLANG_ANALYZER_NONNULL = YES;
				CLANG_ANALYZER_NUMBER_OBJECT_CONVERSION = YES_AGGRESSIVE;
				CLANG_CXX_LANGUAGE_STANDARD = "gnu++14";
				CLANG_CXX_LIBRARY = "libc++";
				CLANG_ENABLE_MODULES = YES;
				CLANG_ENABLE_OBJC_ARC = YES;
				CLANG_WARN_BLOCK_CAPTURE_AUTORELEASING = YES;
				CLANG_WARN_BOOL_CONVERSION = YES;
				CLANG_WARN_COMMA = YES;
				CLANG_WARN_CONSTANT_CONVERSION = YES;
				CLANG_WARN_DIRECT_OBJC_ISA_USAGE = YES_ERROR;
				CLANG_WARN_DOCUMENTATION_COMMENTS = YES;
				CLANG_WARN_EMPTY_BODY = YES;
				CLANG_WARN_ENUM_CONVERSION = YES;
				CLANG_WARN_INFINITE_RECURSION = YES;
				CLANG_WARN_INT_CONVERSION = YES;
				CLANG_WARN_NON_LITERAL_NULL_CONVERSION = YES;
				CLANG_WARN_OBJC_LITERAL_CONVERSION = YES;
				CLANG_WARN_OBJC_ROOT_CLASS = YES_ERROR;
				CLANG_WARN_RANGE_LOOP_ANALYSIS = YES;
				CLANG_WARN_STRICT_PROTOTYPES = YES;
				CLANG_WARN_SUSPICIOUS_MOVE = YES;
				CLANG_WARN_UNGUARDED_AVAILABILITY = YES_AGGRESSIVE;
				CLANG_WARN_UNREACHABLE_CODE = YES;
				CLANG_WARN__DUPLICATE_METHOD_MATCH = YES;
				CODE_SIGN_IDENTITY = "iPhone Developer";
				COPY_PHASE_STRIP = NO;
				DEBUG_INFORMATION_FORMAT = "dwarf-with-dsym";
				ENABLE_NS_ASSERTIONS = NO;
				ENABLE_STRICT_OBJC_MSGSEND = YES;
				GCC_C_LANGUAGE_STANDARD = gnu11;
				GCC_NO_COMMON_BLOCKS = YES;
				GCC_WARN_64_TO_32_BIT_CONVERSION = YES;
				GCC_WARN_ABOUT_RETURN_TYPE = YES_ERROR;
				GCC_WARN_UNDECLARED_SELECTOR = YES;
				GCC_WARN_UNINITIALIZED_AUTOS = YES_AGGRESSIVE;
				GCC_WARN_UNUSED_FUNCTION = YES;
				GCC_WARN_UNUSED_VARIABLE = YES;
				IPHONEOS_DEPLOYMENT_TARGET = 11.2;
				MTL_ENABLE_DEBUG_INFO = NO;
				SDKROOT = iphoneos;
				SWIFT_OPTIMIZATION_LEVEL = "-Owholemodule";
				VALIDATE_PRODUCT = YES;
			};
			name = Release;
		};
		2438AA8B2215E74700096BB9 /* Debug */ = {
			isa = XCBuildConfiguration;
			baseConfigurationReference = 232CEDBFE5E8FA5A5DDE7806 /* Pods-colorPicker_Swift.debug.xcconfig */;
			buildSettings = {
				ASSETCATALOG_COMPILER_APPICON_NAME = AppIcon;
				CODE_SIGN_STYLE = Automatic;
				DEVELOPMENT_TEAM = T4CLTWL9DU;
				INFOPLIST_FILE = colorPicker_Swift/Info.plist;
				LD_RUNPATH_SEARCH_PATHS = "$(inherited) @executable_path/Frameworks";
				PRODUCT_BUNDLE_IDENTIFIER = "ela.org.colorPicker-Swift";
				PRODUCT_NAME = "$(TARGET_NAME)";
				SWIFT_VERSION = 4.0;
				TARGETED_DEVICE_FAMILY = "1,2";
			};
			name = Debug;
		};
		2438AA8C2215E74700096BB9 /* Release */ = {
			isa = XCBuildConfiguration;
			baseConfigurationReference = 4B6F1B6A3451905A5B4D21D1 /* Pods-colorPicker_Swift.release.xcconfig */;
			buildSettings = {
				ASSETCATALOG_COMPILER_APPICON_NAME = AppIcon;
				CODE_SIGN_STYLE = Automatic;
				DEVELOPMENT_TEAM = T4CLTWL9DU;
				INFOPLIST_FILE = colorPicker_Swift/Info.plist;
				LD_RUNPATH_SEARCH_PATHS = "$(inherited) @executable_path/Frameworks";
				PRODUCT_BUNDLE_IDENTIFIER = "ela.org.colorPicker-Swift";
				PRODUCT_NAME = "$(TARGET_NAME)";
				SWIFT_VERSION = 4.0;
				TARGETED_DEVICE_FAMILY = "1,2";
			};
			name = Release;
		};
		2438AA8E2215E74700096BB9 /* Debug */ = {
			isa = XCBuildConfiguration;
			baseConfigurationReference = 93BF48E71C9158F2940F5702 /* Pods-colorPicker_SwiftTests.debug.xcconfig */;
			buildSettings = {
				ALWAYS_EMBED_SWIFT_STANDARD_LIBRARIES = YES;
				BUNDLE_LOADER = "$(TEST_HOST)";
				CODE_SIGN_STYLE = Automatic;
				DEVELOPMENT_TEAM = T4CLTWL9DU;
				INFOPLIST_FILE = colorPicker_SwiftTests/Info.plist;
				LD_RUNPATH_SEARCH_PATHS = "$(inherited) @executable_path/Frameworks @loader_path/Frameworks";
				PRODUCT_BUNDLE_IDENTIFIER = "ela.org.colorPicker-SwiftTests";
				PRODUCT_NAME = "$(TARGET_NAME)";
				SWIFT_VERSION = 4.0;
				TARGETED_DEVICE_FAMILY = "1,2";
				TEST_HOST = "$(BUILT_PRODUCTS_DIR)/colorPicker_Swift.app/colorPicker_Swift";
			};
			name = Debug;
		};
		2438AA8F2215E74700096BB9 /* Release */ = {
			isa = XCBuildConfiguration;
			baseConfigurationReference = A4C680ABC8AFFB4911011EB9 /* Pods-colorPicker_SwiftTests.release.xcconfig */;
			buildSettings = {
				ALWAYS_EMBED_SWIFT_STANDARD_LIBRARIES = YES;
				BUNDLE_LOADER = "$(TEST_HOST)";
				CODE_SIGN_STYLE = Automatic;
				DEVELOPMENT_TEAM = T4CLTWL9DU;
				INFOPLIST_FILE = colorPicker_SwiftTests/Info.plist;
				LD_RUNPATH_SEARCH_PATHS = "$(inherited) @executable_path/Frameworks @loader_path/Frameworks";
				PRODUCT_BUNDLE_IDENTIFIER = "ela.org.colorPicker-SwiftTests";
				PRODUCT_NAME = "$(TARGET_NAME)";
				SWIFT_VERSION = 4.0;
				TARGETED_DEVICE_FAMILY = "1,2";
				TEST_HOST = "$(BUILT_PRODUCTS_DIR)/colorPicker_Swift.app/colorPicker_Swift";
			};
			name = Release;
		};
		2438AA912215E74700096BB9 /* Debug */ = {
			isa = XCBuildConfiguration;
			baseConfigurationReference = 33C8D395BBA21317990F4FA3 /* Pods-colorPicker_SwiftUITests.debug.xcconfig */;
			buildSettings = {
				ALWAYS_EMBED_SWIFT_STANDARD_LIBRARIES = YES;
				CODE_SIGN_STYLE = Automatic;
				DEVELOPMENT_TEAM = T4CLTWL9DU;
				INFOPLIST_FILE = colorPicker_SwiftUITests/Info.plist;
				LD_RUNPATH_SEARCH_PATHS = "$(inherited) @executable_path/Frameworks @loader_path/Frameworks";
				PRODUCT_BUNDLE_IDENTIFIER = "ela.org.colorPicker-SwiftUITests";
				PRODUCT_NAME = "$(TARGET_NAME)";
				SWIFT_VERSION = 4.0;
				TARGETED_DEVICE_FAMILY = "1,2";
				TEST_TARGET_NAME = colorPicker_Swift;
			};
			name = Debug;
		};
		2438AA922215E74700096BB9 /* Release */ = {
			isa = XCBuildConfiguration;
			baseConfigurationReference = 598BC8EEAB313B9CBA0E51C6 /* Pods-colorPicker_SwiftUITests.release.xcconfig */;
			buildSettings = {
				ALWAYS_EMBED_SWIFT_STANDARD_LIBRARIES = YES;
				CODE_SIGN_STYLE = Automatic;
				DEVELOPMENT_TEAM = T4CLTWL9DU;
				INFOPLIST_FILE = colorPicker_SwiftUITests/Info.plist;
				LD_RUNPATH_SEARCH_PATHS = "$(inherited) @executable_path/Frameworks @loader_path/Frameworks";
				PRODUCT_BUNDLE_IDENTIFIER = "ela.org.colorPicker-SwiftUITests";
				PRODUCT_NAME = "$(TARGET_NAME)";
				SWIFT_VERSION = 4.0;
				TARGETED_DEVICE_FAMILY = "1,2";
				TEST_TARGET_NAME = colorPicker_Swift;
			};
			name = Release;
		};
/* End XCBuildConfiguration section */

/* Begin XCConfigurationList section */
		2438AA5D2215E74600096BB9 /* Build configuration list for PBXProject "colorPicker_Swift" */ = {
			isa = XCConfigurationList;
			buildConfigurations = (
				2438AA882215E74700096BB9 /* Debug */,
				2438AA892215E74700096BB9 /* Release */,
			);
			defaultConfigurationIsVisible = 0;
			defaultConfigurationName = Release;
		};
		2438AA8A2215E74700096BB9 /* Build configuration list for PBXNativeTarget "colorPicker_Swift" */ = {
			isa = XCConfigurationList;
			buildConfigurations = (
				2438AA8B2215E74700096BB9 /* Debug */,
				2438AA8C2215E74700096BB9 /* Release */,
			);
			defaultConfigurationIsVisible = 0;
			defaultConfigurationName = Release;
		};
		2438AA8D2215E74700096BB9 /* Build configuration list for PBXNativeTarget "colorPicker_SwiftTests" */ = {
			isa = XCConfigurationList;
			buildConfigurations = (
				2438AA8E2215E74700096BB9 /* Debug */,
				2438AA8F2215E74700096BB9 /* Release */,
			);
			defaultConfigurationIsVisible = 0;
			defaultConfigurationName = Release;
		};
		2438AA902215E74700096BB9 /* Build configuration list for PBXNativeTarget "colorPicker_SwiftUITests" */ = {
			isa = XCConfigurationList;
			buildConfigurations = (
				2438AA912215E74700096BB9 /* Debug */,
				2438AA922215E74700096BB9 /* Release */,
			);
			defaultConfigurationIsVisible = 0;
			defaultConfigurationName = Release;
		};
/* End XCConfigurationList section */
	};
	rootObject = 2438AA5A2215E74600096BB9 /* Project object */;
}
